# generated by rye
# use `rye lock` or `rye sync` to update this lockfile
#
# last locked with the following flags:
#   pre: false
#   features: []
#   all-features: false

-e file:.
aiohttp==3.9.1
aiosignal==1.3.1
attrs==23.1.0
certifi==2023.11.17
charset-normalizer==3.3.2
cssselect==1.2.0
frozenlist==1.4.1
idna==3.6
lxml==4.9.3
multidict==6.0.4
nose2==0.14.0
pendulum==3.0.0
pillow==10.1.0
psycopg==3.1.15
psycopg-binary==3.1.15
psycopg-c==3.1.15; sys_platform == 'linux'
pyquery==2.0.0
pytelegrambotapi==4.14.0
python-dateutil==2.8.2
requests==2.31.0
six==1.16.0
termcolor==2.4.0
time-machine==2.13.0
typing-extensions==4.9.0
tzdata==2023.3
urllib3==2.1.0
yarl==1.9.4
